
Microsoft Visual Studio Solution File, Format Version 12.00
# Visual Studio Version 17
VisualStudioVersion = 17.0.31903.59
MinimumVisualStudioVersion = 10.0.40219.1
Project("{9A19103F-16F7-4668-BE54-9A1E7A4F7556}") = "Xacte.ApiGateway", "src\Xacte.ApiGateway\Xacte.ApiGateway.csproj", "{0AF9EAF1-5F9D-4DB3-B49F-BF9998369D57}"
EndProject
Project("{2150E333-8FDC-42A3-9474-1A3956D46DE8}") = "_Solution Items", "_Solution Items", "{B9DA1FA0-18E5-494E-8343-537E8116093D}"
	ProjectSection(SolutionItems) = preProject
		..\.editorconfig = ..\.editorconfig
		..\.gitignore = ..\.gitignore
	EndProjectSection
EndProject
Global
	GlobalSection(SolutionConfigurationPlatforms) = preSolution
		Debug|Any CPU = Debug|Any CPU
		Release|Any CPU = Release|Any CPU
	EndGlobalSection
	GlobalSection(ProjectConfigurationPlatforms) = postSolution
		{0AF9EAF1-5F9D-4DB3-B49F-BF9998369D57}.Debug|Any CPU.ActiveCfg = Debug|Any CPU
		{0AF9EAF1-5F9D-4DB3-B49F-BF9998369D57}.Debug|Any CPU.Build.0 = Debug|Any CPU
		{0AF9EAF1-5F9D-4DB3-B49F-BF9998369D57}.Release|Any CPU.ActiveCfg = Release|Any CPU
		{0AF9EAF1-5F9D-4DB3-B49F-BF9998369D57}.Release|Any CPU.Build.0 = Release|Any CPU
	EndGlobalSection
	GlobalSection(SolutionProperties) = preSolution
		HideSolutionNode = FALSE
	EndGlobalSection
	GlobalSection(ExtensibilityGlobals) = postSolution
		SolutionGuid = {E00A0760-18D3-46E4-AC17-9D854F1B108F}
	EndGlobalSection
EndGlobal
